// !$*UTF8*$!
{
	archiveVersion = 1;
	classes = {
	};
	objectVersion = 51;
	objects = {

/* Begin PBXBuildFile section */
		8909A5BF2411FAF9008D50C8 /* CommentCell.swift in Sources */ = {isa = PBXBuildFile; fileRef = 8909A5BE2411FAF9008D50C8 /* CommentCell.swift */; };
		890F8B942408CE9B00A00012 /* PostCell.swift in Sources */ = {isa = PBXBuildFile; fileRef = 890F8B932408CE9B00A00012 /* PostCell.swift */; };
		894D858924089C3C00BAF192 /* AppDelegate.swift in Sources */ = {isa = PBXBuildFile; fileRef = 894D858824089C3C00BAF192 /* AppDelegate.swift */; };
		894D858B24089C3C00BAF192 /* SceneDelegate.swift in Sources */ = {isa = PBXBuildFile; fileRef = 894D858A24089C3C00BAF192 /* SceneDelegate.swift */; };
		894D859024089C3C00BAF192 /* Main.storyboard in Resources */ = {isa = PBXBuildFile; fileRef = 894D858E24089C3C00BAF192 /* Main.storyboard */; };
		894D859224089C3D00BAF192 /* Assets.xcassets in Resources */ = {isa = PBXBuildFile; fileRef = 894D859124089C3D00BAF192 /* Assets.xcassets */; };
		894D859524089C3D00BAF192 /* LaunchScreen.storyboard in Resources */ = {isa = PBXBuildFile; fileRef = 894D859324089C3D00BAF192 /* LaunchScreen.storyboard */; };
		894D85A024089C3D00BAF192 /* ParstagramTests.swift in Sources */ = {isa = PBXBuildFile; fileRef = 894D859F24089C3D00BAF192 /* ParstagramTests.swift */; };
		894D85AB24089C3D00BAF192 /* ParstagramUITests.swift in Sources */ = {isa = PBXBuildFile; fileRef = 894D85AA24089C3D00BAF192 /* ParstagramUITests.swift */; };
		89E40C982408AC9400CC43FD /* LoginViewController.swift in Sources */ = {isa = PBXBuildFile; fileRef = 89E40C972408AC9400CC43FD /* LoginViewController.swift */; };
		89E40C9A2408ACA900CC43FD /* FeedViewController.swift in Sources */ = {isa = PBXBuildFile; fileRef = 89E40C992408ACA900CC43FD /* FeedViewController.swift */; };
		89F224CF2408C09400A23E4A /* CameraViewController.swift in Sources */ = {isa = PBXBuildFile; fileRef = 89F224CE2408C09400A23E4A /* CameraViewController.swift */; };
		9C68345919EFF420C0788BD9 /* Pods_ParstagramTests.framework in Frameworks */ = {isa = PBXBuildFile; fileRef = 99EB32EE4F435762665E557C /* Pods_ParstagramTests.framework */; };
		B9F9B72F19990CCBA58FC4FF /* Pods_Parstagram.framework in Frameworks */ = {isa = PBXBuildFile; fileRef = 748AC35DE3F8204FC956CA3B /* Pods_Parstagram.framework */; };
		E6A2E8D3B73E80761AF61F6E /* Pods_Parstagram_ParstagramUITests.framework in Frameworks */ = {isa = PBXBuildFile; fileRef = 7293E36CADCB169C10012DFD /* Pods_Parstagram_ParstagramUITests.framework */; };
/* End PBXBuildFile section */

/* Begin PBXContainerItemProxy section */
		894D859C24089C3D00BAF192 /* PBXContainerItemProxy */ = {
			isa = PBXContainerItemProxy;
			containerPortal = 894D857D24089C3C00BAF192 /* Project object */;
			proxyType = 1;
			remoteGlobalIDString = 894D858424089C3C00BAF192;
			remoteInfo = Parstagram;
		};
		894D85A724089C3D00BAF192 /* PBXContainerItemProxy */ = {
			isa = PBXContainerItemProxy;
			containerPortal = 894D857D24089C3C00BAF192 /* Project object */;
			proxyType = 1;
			remoteGlobalIDString = 894D858424089C3C00BAF192;
			remoteInfo = Parstagram;
		};
/* End PBXContainerItemProxy section */

/* Begin PBXFileReference section */
		3793287BC6375CE828CA0A6D /* Pods-ParstagramTests.release.xcconfig */ = {isa = PBXFileReference; includeInIndex = 1; lastKnownFileType = text.xcconfig; name = "Pods-ParstagramTests.release.xcconfig"; path = "Target Support Files/Pods-ParstagramTests/Pods-ParstagramTests.release.xcconfig"; sourceTree = "<group>"; };
		3BBD1A77FDDA9496D8D0F60D /* Pods-Parstagram.release.xcconfig */ = {isa = PBXFileReference; includeInIndex = 1; lastKnownFileType = text.xcconfig; name = "Pods-Parstagram.release.xcconfig"; path = "Target Support Files/Pods-Parstagram/Pods-Parstagram.release.xcconfig"; sourceTree = "<group>"; };
		65F8F8C01AA788A0A01584EE /* Pods-Parstagram-ParstagramUITests.release.xcconfig */ = {isa = PBXFileReference; includeInIndex = 1; lastKnownFileType = text.xcconfig; name = "Pods-Parstagram-ParstagramUITests.release.xcconfig"; path = "Target Support Files/Pods-Parstagram-ParstagramUITests/Pods-Parstagram-ParstagramUITests.release.xcconfig"; sourceTree = "<group>"; };
		7293E36CADCB169C10012DFD /* Pods_Parstagram_ParstagramUITests.framework */ = {isa = PBXFileReference; explicitFileType = wrapper.framework; includeInIndex = 0; path = Pods_Parstagram_ParstagramUITests.framework; sourceTree = BUILT_PRODUCTS_DIR; };
		748AC35DE3F8204FC956CA3B /* Pods_Parstagram.framework */ = {isa = PBXFileReference; explicitFileType = wrapper.framework; includeInIndex = 0; path = Pods_Parstagram.framework; sourceTree = BUILT_PRODUCTS_DIR; };
		77F54B32DD31C9B2B25BAF86 /* Pods-Parstagram.debug.xcconfig */ = {isa = PBXFileReference; includeInIndex = 1; lastKnownFileType = text.xcconfig; name = "Pods-Parstagram.debug.xcconfig"; path = "Target Support Files/Pods-Parstagram/Pods-Parstagram.debug.xcconfig"; sourceTree = "<group>"; };
		8909A5BE2411FAF9008D50C8 /* CommentCell.swift */ = {isa = PBXFileReference; lastKnownFileType = sourcecode.swift; path = CommentCell.swift; sourceTree = "<group>"; };
		890F8B932408CE9B00A00012 /* PostCell.swift */ = {isa = PBXFileReference; lastKnownFileType = sourcecode.swift; path = PostCell.swift; sourceTree = "<group>"; };
		894D858524089C3C00BAF192 /* Parstagram.app */ = {isa = PBXFileReference; explicitFileType = wrapper.application; includeInIndex = 0; path = Parstagram.app; sourceTree = BUILT_PRODUCTS_DIR; };
		894D858824089C3C00BAF192 /* AppDelegate.swift */ = {isa = PBXFileReference; lastKnownFileType = sourcecode.swift; path = AppDelegate.swift; sourceTree = "<group>"; };
		894D858A24089C3C00BAF192 /* SceneDelegate.swift */ = {isa = PBXFileReference; lastKnownFileType = sourcecode.swift; path = SceneDelegate.swift; sourceTree = "<group>"; };
		894D858F24089C3C00BAF192 /* Base */ = {isa = PBXFileReference; lastKnownFileType = file.storyboard; name = Base; path = Base.lproj/Main.storyboard; sourceTree = "<group>"; };
		894D859124089C3D00BAF192 /* Assets.xcassets */ = {isa = PBXFileReference; lastKnownFileType = folder.assetcatalog; path = Assets.xcassets; sourceTree = "<group>"; };
		894D859424089C3D00BAF192 /* Base */ = {isa = PBXFileReference; lastKnownFileType = file.storyboard; name = Base; path = Base.lproj/LaunchScreen.storyboard; sourceTree = "<group>"; };
		894D859624089C3D00BAF192 /* Info.plist */ = {isa = PBXFileReference; lastKnownFileType = text.plist.xml; path = Info.plist; sourceTree = "<group>"; };
		894D859B24089C3D00BAF192 /* ParstagramTests.xctest */ = {isa = PBXFileReference; explicitFileType = wrapper.cfbundle; includeInIndex = 0; path = ParstagramTests.xctest; sourceTree = BUILT_PRODUCTS_DIR; };
		894D859F24089C3D00BAF192 /* ParstagramTests.swift */ = {isa = PBXFileReference; lastKnownFileType = sourcecode.swift; path = ParstagramTests.swift; sourceTree = "<group>"; };
		894D85A124089C3D00BAF192 /* Info.plist */ = {isa = PBXFileReference; lastKnownFileType = text.plist.xml; path = Info.plist; sourceTree = "<group>"; };
		894D85A624089C3D00BAF192 /* ParstagramUITests.xctest */ = {isa = PBXFileReference; explicitFileType = wrapper.cfbundle; includeInIndex = 0; path = ParstagramUITests.xctest; sourceTree = BUILT_PRODUCTS_DIR; };
		894D85AA24089C3D00BAF192 /* ParstagramUITests.swift */ = {isa = PBXFileReference; lastKnownFileType = sourcecode.swift; path = ParstagramUITests.swift; sourceTree = "<group>"; };
		894D85AC24089C3D00BAF192 /* Info.plist */ = {isa = PBXFileReference; lastKnownFileType = text.plist.xml; path = Info.plist; sourceTree = "<group>"; };
		89E40C972408AC9400CC43FD /* LoginViewController.swift */ = {isa = PBXFileReference; lastKnownFileType = sourcecode.swift; path = LoginViewController.swift; sourceTree = "<group>"; };
		89E40C992408ACA900CC43FD /* FeedViewController.swift */ = {isa = PBXFileReference; lastKnownFileType = sourcecode.swift; path = FeedViewController.swift; sourceTree = "<group>"; };
		89EF4C1034CDBDB32197A275 /* Pods-Parstagram-ParstagramUITests.debug.xcconfig */ = {isa = PBXFileReference; includeInIndex = 1; lastKnownFileType = text.xcconfig; name = "Pods-Parstagram-ParstagramUITests.debug.xcconfig"; path = "Target Support Files/Pods-Parstagram-ParstagramUITests/Pods-Parstagram-ParstagramUITests.debug.xcconfig"; sourceTree = "<group>"; };
		89F224CE2408C09400A23E4A /* CameraViewController.swift */ = {isa = PBXFileReference; lastKnownFileType = sourcecode.swift; path = CameraViewController.swift; sourceTree = "<group>"; };
		99EB32EE4F435762665E557C /* Pods_ParstagramTests.framework */ = {isa = PBXFileReference; explicitFileType = wrapper.framework; includeInIndex = 0; path = Pods_ParstagramTests.framework; sourceTree = BUILT_PRODUCTS_DIR; };
		F86B45B9E63641FCEF35C749 /* Pods-ParstagramTests.debug.xcconfig */ = {isa = PBXFileReference; includeInIndex = 1; lastKnownFileType = text.xcconfig; name = "Pods-ParstagramTests.debug.xcconfig"; path = "Target Support Files/Pods-ParstagramTests/Pods-ParstagramTests.debug.xcconfig"; sourceTree = "<group>"; };
/* End PBXFileReference section */

/* Begin PBXFrameworksBuildPhase section */
		894D858224089C3C00BAF192 /* Frameworks */ = {
			isa = PBXFrameworksBuildPhase;
			buildActionMask = 2147483647;
			files = (
				B9F9B72F19990CCBA58FC4FF /* Pods_Parstagram.framework in Frameworks */,
			);
			runOnlyForDeploymentPostprocessing = 0;
		};
		894D859824089C3D00BAF192 /* Frameworks */ = {
			isa = PBXFrameworksBuildPhase;
			buildActionMask = 2147483647;
			files = (
				9C68345919EFF420C0788BD9 /* Pods_ParstagramTests.framework in Frameworks */,
			);
			runOnlyForDeploymentPostprocessing = 0;
		};
		894D85A324089C3D00BAF192 /* Frameworks */ = {
			isa = PBXFrameworksBuildPhase;
			buildActionMask = 2147483647;
			files = (
				E6A2E8D3B73E80761AF61F6E /* Pods_Parstagram_ParstagramUITests.framework in Frameworks */,
			);
			runOnlyForDeploymentPostprocessing = 0;
		};
/* End PBXFrameworksBuildPhase section */

/* Begin PBXGroup section */
		0FA4D1F53E9CD51FE528B9D2 /* Pods */ = {
			isa = PBXGroup;
			children = (
				77F54B32DD31C9B2B25BAF86 /* Pods-Parstagram.debug.xcconfig */,
				3BBD1A77FDDA9496D8D0F60D /* Pods-Parstagram.release.xcconfig */,
				89EF4C1034CDBDB32197A275 /* Pods-Parstagram-ParstagramUITests.debug.xcconfig */,
				65F8F8C01AA788A0A01584EE /* Pods-Parstagram-ParstagramUITests.release.xcconfig */,
				F86B45B9E63641FCEF35C749 /* Pods-ParstagramTests.debug.xcconfig */,
				3793287BC6375CE828CA0A6D /* Pods-ParstagramTests.release.xcconfig */,
			);
			path = Pods;
			sourceTree = "<group>";
		};
		624AB240AFCDA3BA3F93B68B /* Frameworks */ = {
			isa = PBXGroup;
			children = (
				748AC35DE3F8204FC956CA3B /* Pods_Parstagram.framework */,
				7293E36CADCB169C10012DFD /* Pods_Parstagram_ParstagramUITests.framework */,
				99EB32EE4F435762665E557C /* Pods_ParstagramTests.framework */,
			);
			name = Frameworks;
			sourceTree = "<group>";
		};
		894D857C24089C3C00BAF192 = {
			isa = PBXGroup;
			children = (
				894D858724089C3C00BAF192 /* Parstagram */,
				894D859E24089C3D00BAF192 /* ParstagramTests */,
				894D85A924089C3D00BAF192 /* ParstagramUITests */,
				894D858624089C3C00BAF192 /* Products */,
				0FA4D1F53E9CD51FE528B9D2 /* Pods */,
				624AB240AFCDA3BA3F93B68B /* Frameworks */,
			);
			sourceTree = "<group>";
		};
		894D858624089C3C00BAF192 /* Products */ = {
			isa = PBXGroup;
			children = (
				894D858524089C3C00BAF192 /* Parstagram.app */,
				894D859B24089C3D00BAF192 /* ParstagramTests.xctest */,
				894D85A624089C3D00BAF192 /* ParstagramUITests.xctest */,
			);
			name = Products;
			sourceTree = "<group>";
		};
		894D858724089C3C00BAF192 /* Parstagram */ = {
			isa = PBXGroup;
			children = (
				894D858824089C3C00BAF192 /* AppDelegate.swift */,
				894D858A24089C3C00BAF192 /* SceneDelegate.swift */,
				894D858E24089C3C00BAF192 /* Main.storyboard */,
				894D859124089C3D00BAF192 /* Assets.xcassets */,
				894D859324089C3D00BAF192 /* LaunchScreen.storyboard */,
				894D859624089C3D00BAF192 /* Info.plist */,
				89E40C972408AC9400CC43FD /* LoginViewController.swift */,
				89E40C992408ACA900CC43FD /* FeedViewController.swift */,
				89F224CE2408C09400A23E4A /* CameraViewController.swift */,
				890F8B932408CE9B00A00012 /* PostCell.swift */,
				8909A5BE2411FAF9008D50C8 /* CommentCell.swift */,
			);
			path = Parstagram;
			sourceTree = "<group>";
		};
		894D859E24089C3D00BAF192 /* ParstagramTests */ = {
			isa = PBXGroup;
			children = (
				894D859F24089C3D00BAF192 /* ParstagramTests.swift */,
				894D85A124089C3D00BAF192 /* Info.plist */,
			);
			path = ParstagramTests;
			sourceTree = "<group>";
		};
		894D85A924089C3D00BAF192 /* ParstagramUITests */ = {
			isa = PBXGroup;
			children = (
				894D85AA24089C3D00BAF192 /* ParstagramUITests.swift */,
				894D85AC24089C3D00BAF192 /* Info.plist */,
			);
			path = ParstagramUITests;
			sourceTree = "<group>";
		};
/* End PBXGroup section */

/* Begin PBXNativeTarget section */
		894D858424089C3C00BAF192 /* Parstagram */ = {
			isa = PBXNativeTarget;
			buildConfigurationList = 894D85AF24089C3D00BAF192 /* Build configuration list for PBXNativeTarget "Parstagram" */;
			buildPhases = (
				627AAC0CA32EDF0AE5F99D2B /* [CP] Check Pods Manifest.lock */,
				894D858124089C3C00BAF192 /* Sources */,
				894D858224089C3C00BAF192 /* Frameworks */,
				894D858324089C3C00BAF192 /* Resources */,
				9009AB1C35DABB9F2365ED7A /* [CP] Embed Pods Frameworks */,
			);
			buildRules = (
			);
			dependencies = (
			);
			name = Parstagram;
			productName = Parstagram;
			productReference = 894D858524089C3C00BAF192 /* Parstagram.app */;
			productType = "com.apple.product-type.application";
		};
		894D859A24089C3D00BAF192 /* ParstagramTests */ = {
			isa = PBXNativeTarget;
			buildConfigurationList = 894D85B224089C3D00BAF192 /* Build configuration list for PBXNativeTarget "ParstagramTests" */;
			buildPhases = (
				E107D29102E86A909D734FCF /* [CP] Check Pods Manifest.lock */,
				894D859724089C3D00BAF192 /* Sources */,
				894D859824089C3D00BAF192 /* Frameworks */,
				894D859924089C3D00BAF192 /* Resources */,
			);
			buildRules = (
			);
			dependencies = (
				894D859D24089C3D00BAF192 /* PBXTargetDependency */,
			);
			name = ParstagramTests;
			productName = ParstagramTests;
			productReference = 894D859B24089C3D00BAF192 /* ParstagramTests.xctest */;
			productType = "com.apple.product-type.bundle.unit-test";
		};
		894D85A524089C3D00BAF192 /* ParstagramUITests */ = {
			isa = PBXNativeTarget;
			buildConfigurationList = 894D85B524089C3D00BAF192 /* Build configuration list for PBXNativeTarget "ParstagramUITests" */;
			buildPhases = (
				AE20B4F2C8B3224712BC0BB4 /* [CP] Check Pods Manifest.lock */,
				894D85A224089C3D00BAF192 /* Sources */,
				894D85A324089C3D00BAF192 /* Frameworks */,
				894D85A424089C3D00BAF192 /* Resources */,
				F18A8CBC50536F7E3B3E1C1B /* [CP] Embed Pods Frameworks */,
			);
			buildRules = (
			);
			dependencies = (
				894D85A824089C3D00BAF192 /* PBXTargetDependency */,
			);
			name = ParstagramUITests;
			productName = ParstagramUITests;
			productReference = 894D85A624089C3D00BAF192 /* ParstagramUITests.xctest */;
			productType = "com.apple.product-type.bundle.ui-testing";
		};
/* End PBXNativeTarget section */

/* Begin PBXProject section */
		894D857D24089C3C00BAF192 /* Project object */ = {
			isa = PBXProject;
			attributes = {
				LastSwiftUpdateCheck = 1130;
				LastUpgradeCheck = 1130;
				ORGANIZATIONNAME = user165682;
				TargetAttributes = {
					894D858424089C3C00BAF192 = {
						CreatedOnToolsVersion = 11.3.1;
					};
					894D859A24089C3D00BAF192 = {
						CreatedOnToolsVersion = 11.3.1;
						TestTargetID = 894D858424089C3C00BAF192;
					};
					894D85A524089C3D00BAF192 = {
						CreatedOnToolsVersion = 11.3.1;
						TestTargetID = 894D858424089C3C00BAF192;
					};
				};
			};
			buildConfigurationList = 894D858024089C3C00BAF192 /* Build configuration list for PBXProject "Parstagram" */;
			compatibilityVersion = "Xcode 9.3";
			developmentRegion = en;
			hasScannedForEncodings = 0;
			knownRegions = (
				en,
				Base,
			);
			mainGroup = 894D857C24089C3C00BAF192;
			productRefGroup = 894D858624089C3C00BAF192 /* Products */;
			projectDirPath = "";
			projectRoot = "";
			targets = (
				894D858424089C3C00BAF192 /* Parstagram */,
				894D859A24089C3D00BAF192 /* ParstagramTests */,
				894D85A524089C3D00BAF192 /* ParstagramUITests */,
			);
		};
/* End PBXProject section */

/* Begin PBXResourcesBuildPhase section */
		894D858324089C3C00BAF192 /* Resources */ = {
			isa = PBXResourcesBuildPhase;
			buildActionMask = 2147483647;
			files = (
				894D859524089C3D00BAF192 /* LaunchScreen.storyboard in Resources */,
				894D859224089C3D00BAF192 /* Assets.xcassets in Resources */,
				894D859024089C3C00BAF192 /* Main.storyboard in Resources */,
			);
			runOnlyForDeploymentPostprocessing = 0;
		};
		894D859924089C3D00BAF192 /* Resources */ = {
			isa = PBXResourcesBuildPhase;
			buildActionMask = 2147483647;
			files = (
			);
			runOnlyForDeploymentPostprocessing = 0;
		};
		894D85A424089C3D00BAF192 /* Resources */ = {
			isa = PBXResourcesBuildPhase;
			buildActionMask = 2147483647;
			files = (
			);
			runOnlyForDeploymentPostprocessing = 0;
		};
/* End PBXResourcesBuildPhase section */

/* Begin PBXShellScriptBuildPhase section */
		627AAC0CA32EDF0AE5F99D2B /* [CP] Check Pods Manifest.lock */ = {
			isa = PBXShellScriptBuildPhase;
			buildActionMask = 2147483647;
			files = (
			);
			inputFileListPaths = (
			);
			inputPaths = (
				"${PODS_PODFILE_DIR_PATH}/Podfile.lock",
				"${PODS_ROOT}/Manifest.lock",
			);
			name = "[CP] Check Pods Manifest.lock";
			outputFileListPaths = (
			);
			outputPaths = (
				"$(DERIVED_FILE_DIR)/Pods-Parstagram-checkManifestLockResult.txt",
			);
			runOnlyForDeploymentPostprocessing = 0;
			shellPath = /bin/sh;
			shellScript = "diff \"${PODS_PODFILE_DIR_PATH}/Podfile.lock\" \"${PODS_ROOT}/Manifest.lock\" > /dev/null\nif [ $? != 0 ] ; then\n    # print error to STDERR\n    echo \"error: The sandbox is not in sync with the Podfile.lock. Run 'pod install' or update your CocoaPods installation.\" >&2\n    exit 1\nfi\n# This output is used by Xcode 'outputs' to avoid re-running this script phase.\necho \"SUCCESS\" > \"${SCRIPT_OUTPUT_FILE_0}\"\n";
			showEnvVarsInLog = 0;
		};
		9009AB1C35DABB9F2365ED7A /* [CP] Embed Pods Frameworks */ = {
			isa = PBXShellScriptBuildPhase;
			buildActionMask = 2147483647;
			files = (
			);
			inputFileListPaths = (
				"${PODS_ROOT}/Target Support Files/Pods-Parstagram/Pods-Parstagram-frameworks-${CONFIGURATION}-input-files.xcfilelist",
			);
			name = "[CP] Embed Pods Frameworks";
			outputFileListPaths = (
				"${PODS_ROOT}/Target Support Files/Pods-Parstagram/Pods-Parstagram-frameworks-${CONFIGURATION}-output-files.xcfilelist",
			);
			runOnlyForDeploymentPostprocessing = 0;
			shellPath = /bin/sh;
			shellScript = "\"${PODS_ROOT}/Target Support Files/Pods-Parstagram/Pods-Parstagram-frameworks.sh\"\n";
			showEnvVarsInLog = 0;
		};
		AE20B4F2C8B3224712BC0BB4 /* [CP] Check Pods Manifest.lock */ = {
			isa = PBXShellScriptBuildPhase;
			buildActionMask = 2147483647;
			files = (
			);
			inputFileListPaths = (
			);
			inputPaths = (
				"${PODS_PODFILE_DIR_PATH}/Podfile.lock",
				"${PODS_ROOT}/Manifest.lock",
			);
			name = "[CP] Check Pods Manifest.lock";
			outputFileListPaths = (
			);
			outputPaths = (
				"$(DERIVED_FILE_DIR)/Pods-Parstagram-ParstagramUITests-checkManifestLockResult.txt",
			);
			runOnlyForDeploymentPostprocessing = 0;
			shellPath = /bin/sh;
			shellScript = "diff \"${PODS_PODFILE_DIR_PATH}/Podfile.lock\" \"${PODS_ROOT}/Manifest.lock\" > /dev/null\nif [ $? != 0 ] ; then\n    # print error to STDERR\n    echo \"error: The sandbox is not in sync with the Podfile.lock. Run 'pod install' or update your CocoaPods installation.\" >&2\n    exit 1\nfi\n# This output is used by Xcode 'outputs' to avoid re-running this script phase.\necho \"SUCCESS\" > \"${SCRIPT_OUTPUT_FILE_0}\"\n";
			showEnvVarsInLog = 0;
		};
		E107D29102E86A909D734FCF /* [CP] Check Pods Manifest.lock */ = {
			isa = PBXShellScriptBuildPhase;
			buildActionMask = 2147483647;
			files = (
			);
			inputFileListPaths = (
			);
			inputPaths = (
				"${PODS_PODFILE_DIR_PATH}/Podfile.lock",
				"${PODS_ROOT}/Manifest.lock",
			);
			name = "[CP] Check Pods Manifest.lock";
			outputFileListPaths = (
			);
			outputPaths = (
				"$(DERIVED_FILE_DIR)/Pods-ParstagramTests-checkManifestLockResult.txt",
			);
			runOnlyForDeploymentPostprocessing = 0;
			shellPath = /bin/sh;
			shellScript = "diff \"${PODS_PODFILE_DIR_PATH}/Podfile.lock\" \"${PODS_ROOT}/Manifest.lock\" > /dev/null\nif [ $? != 0 ] ; then\n    # print error to STDERR\n    echo \"error: The sandbox is not in sync with the Podfile.lock. Run 'pod install' or update your CocoaPods installation.\" >&2\n    exit 1\nfi\n# This output is used by Xcode 'outputs' to avoid re-running this script phase.\necho \"SUCCESS\" > \"${SCRIPT_OUTPUT_FILE_0}\"\n";
			showEnvVarsInLog = 0;
		};
		F18A8CBC50536F7E3B3E1C1B /* [CP] Embed Pods Frameworks */ = {
			isa = PBXShellScriptBuildPhase;
			buildActionMask = 2147483647;
			files = (
			);
			inputFileListPaths = (
				"${PODS_ROOT}/Target Support Files/Pods-Parstagram-ParstagramUITests/Pods-Parstagram-ParstagramUITests-frameworks-${CONFIGURATION}-input-files.xcfilelist",
			);
			name = "[CP] Embed Pods Frameworks";
			outputFileListPaths = (
				"${PODS_ROOT}/Target Support Files/Pods-Parstagram-ParstagramUITests/Pods-Parstagram-ParstagramUITests-frameworks-${CONFIGURATION}-output-files.xcfilelist",
			);
			runOnlyForDeploymentPostprocessing = 0;
			shellPath = /bin/sh;
			shellScript = "\"${PODS_ROOT}/Target Support Files/Pods-Parstagram-ParstagramUITests/Pods-Parstagram-ParstagramUITests-frameworks.sh\"\n";
			showEnvVarsInLog = 0;
		};
/* End PBXShellScriptBuildPhase section */

/* Begin PBXSourcesBuildPhase section */
		894D858124089C3C00BAF192 /* Sources */ = {
			isa = PBXSourcesBuildPhase;
			buildActionMask = 2147483647;
			files = (
				89E40C982408AC9400CC43FD /* LoginViewController.swift in Sources */,
				89F224CF2408C09400A23E4A /* CameraViewController.swift in Sources */,
				894D858924089C3C00BAF192 /* AppDelegate.swift in Sources */,
				89E40C9A2408ACA900CC43FD /* FeedViewController.swift in Sources */,
				894D858B24089C3C00BAF192 /* SceneDelegate.swift in Sources */,
				890F8B942408CE9B00A00012 /* PostCell.swift in Sources */,
				8909A5BF2411FAF9008D50C8 /* CommentCell.swift in Sources */,
			);
			runOnlyForDeploymentPostprocessing = 0;
		};
		894D859724089C3D00BAF192 /* Sources */ = {
			isa = PBXSourcesBuildPhase;
			buildActionMask = 2147483647;
			files = (
				894D85A024089C3D00BAF192 /* ParstagramTests.swift in Sources */,
			);
			runOnlyForDeploymentPostprocessing = 0;
		};
		894D85A224089C3D00BAF192 /* Sources */ = {
			isa = PBXSourcesBuildPhase;
			buildActionMask = 2147483647;
			files = (
				894D85AB24089C3D00BAF192 /* ParstagramUITests.swift in Sources */,
			);
			runOnlyForDeploymentPostprocessing = 0;
		};
/* End PBXSourcesBuildPhase section */

/* Begin PBXTargetDependency section */
		894D859D24089C3D00BAF192 /* PBXTargetDependency */ = {
			isa = PBXTargetDependency;
			target = 894D858424089C3C00BAF192 /* Parstagram */;
			targetProxy = 894D859C24089C3D00BAF192 /* PBXContainerItemProxy */;
		};
		894D85A824089C3D00BAF192 /* PBXTargetDependency */ = {
			isa = PBXTargetDependency;
			target = 894D858424089C3C00BAF192 /* Parstagram */;
			targetProxy = 894D85A724089C3D00BAF192 /* PBXContainerItemProxy */;
		};
/* End PBXTargetDependency section */

/* Begin PBXVariantGroup section */
		894D858E24089C3C00BAF192 /* Main.storyboard */ = {
			isa = PBXVariantGroup;
			children = (
				894D858F24089C3C00BAF192 /* Base */,
			);
			name = Main.storyboard;
			sourceTree = "<group>";
		};
		894D859324089C3D00BAF192 /* LaunchScreen.storyboard */ = {
			isa = PBXVariantGroup;
			children = (
				894D859424089C3D00BAF192 /* Base */,
			);
			name = LaunchScreen.storyboard;
			sourceTree = "<group>";
		};
/* End PBXVariantGroup section */

/* Begin XCBuildConfiguration section */
		894D85AD24089C3D00BAF192 /* Debug */ = {
			isa = XCBuildConfiguration;
			buildSettings = {
				ALWAYS_SEARCH_USER_PATHS = NO;
				CLANG_ANALYZER_NONNULL = YES;
				CLANG_ANALYZER_NUMBER_OBJECT_CONVERSION = YES_AGGRESSIVE;
				CLANG_CXX_LANGUAGE_STANDARD = "gnu++14";
				CLANG_CXX_LIBRARY = "libc++";
				CLANG_ENABLE_MODULES = YES;
				CLANG_ENABLE_OBJC_ARC = YES;
				CLANG_ENABLE_OBJC_WEAK = YES;
				CLANG_WARN_BLOCK_CAPTURE_AUTORELEASING = YES;
				CLANG_WARN_BOOL_CONVERSION = YES;
				CLANG_WARN_COMMA = YES;
				CLANG_WARN_CONSTANT_CONVERSION = YES;
				CLANG_WARN_DEPRECATED_OBJC_IMPLEMENTATIONS = YES;
				CLANG_WARN_DIRECT_OBJC_ISA_USAGE = YES_ERROR;
				CLANG_WARN_DOCUMENTATION_COMMENTS = YES;
				CLANG_WARN_EMPTY_BODY = YES;
				CLANG_WARN_ENUM_CONVERSION = YES;
				CLANG_WARN_INFINITE_RECURSION = YES;
				CLANG_WARN_INT_CONVERSION = YES;
				CLANG_WARN_NON_LITERAL_NULL_CONVERSION = YES;
				CLANG_WARN_OBJC_IMPLICIT_RETAIN_SELF = YES;
				CLANG_WARN_OBJC_LITERAL_CONVERSION = YES;
				CLANG_WARN_OBJC_ROOT_CLASS = YES_ERROR;
				CLANG_WARN_RANGE_LOOP_ANALYSIS = YES;
				CLANG_WARN_STRICT_PROTOTYPES = YES;
				CLANG_WARN_SUSPICIOUS_MOVE = YES;
				CLANG_WARN_UNGUARDED_AVAILABILITY = YES_AGGRESSIVE;
				CLANG_WARN_UNREACHABLE_CODE = YES;
				CLANG_WARN__DUPLICATE_METHOD_MATCH = YES;
				COPY_PHASE_STRIP = NO;
				DEBUG_INFORMATION_FORMAT = dwarf;
				ENABLE_STRICT_OBJC_MSGSEND = YES;
				ENABLE_TESTABILITY = YES;
				GCC_C_LANGUAGE_STANDARD = gnu11;
				GCC_DYNAMIC_NO_PIC = NO;
				GCC_NO_COMMON_BLOCKS = YES;
				GCC_OPTIMIZATION_LEVEL = 0;
				GCC_PREPROCESSOR_DEFINITIONS = (
					"DEBUG=1",
					"$(inherited)",
				);
				GCC_WARN_64_TO_32_BIT_CONVERSION = YES;
				GCC_WARN_ABOUT_RETURN_TYPE = YES_ERROR;
				GCC_WARN_UNDECLARED_SELECTOR = YES;
				GCC_WARN_UNINITIALIZED_AUTOS = YES_AGGRESSIVE;
				GCC_WARN_UNUSED_FUNCTION = YES;
				GCC_WARN_UNUSED_VARIABLE = YES;
				IPHONEOS_DEPLOYMENT_TARGET = 13.2;
				MTL_ENABLE_DEBUG_INFO = INCLUDE_SOURCE;
				MTL_FAST_MATH = YES;
				ONLY_ACTIVE_ARCH = YES;
				SDKROOT = iphoneos;
				SWIFT_ACTIVE_COMPILATION_CONDITIONS = DEBUG;
				SWIFT_OPTIMIZATION_LEVEL = "-Onone";
			};
			name = Debug;
		};
		894D85AE24089C3D00BAF192 /* Release */ = {
			isa = XCBuildConfiguration;
			buildSettings = {
				ALWAYS_SEARCH_USER_PATHS = NO;
				CLANG_ANALYZER_NONNULL = YES;
				CLANG_ANALYZER_NUMBER_OBJECT_CONVERSION = YES_AGGRESSIVE;
				CLANG_CXX_LANGUAGE_STANDARD = "gnu++14";
				CLANG_CXX_LIBRARY = "libc++";
				CLANG_ENABLE_MODULES = YES;
				CLANG_ENABLE_OBJC_ARC = YES;
				CLANG_ENABLE_OBJC_WEAK = YES;
				CLANG_WARN_BLOCK_CAPTURE_AUTORELEASING = YES;
				CLANG_WARN_BOOL_CONVERSION = YES;
				CLANG_WARN_COMMA = YES;
				CLANG_WARN_CONSTANT_CONVERSION = YES;
				CLANG_WARN_DEPRECATED_OBJC_IMPLEMENTATIONS = YES;
				CLANG_WARN_DIRECT_OBJC_ISA_USAGE = YES_ERROR;
				CLANG_WARN_DOCUMENTATION_COMMENTS = YES;
				CLANG_WARN_EMPTY_BODY = YES;
				CLANG_WARN_ENUM_CONVERSION = YES;
				CLANG_WARN_INFINITE_RECURSION = YES;
				CLANG_WARN_INT_CONVERSION = YES;
				CLANG_WARN_NON_LITERAL_NULL_CONVERSION = YES;
				CLANG_WARN_OBJC_IMPLICIT_RETAIN_SELF = YES;
				CLANG_WARN_OBJC_LITERAL_CONVERSION = YES;
				CLANG_WARN_OBJC_ROOT_CLASS = YES_ERROR;
				CLANG_WARN_RANGE_LOOP_ANALYSIS = YES;
				CLANG_WARN_STRICT_PROTOTYPES = YES;
				CLANG_WARN_SUSPICIOUS_MOVE = YES;
				CLANG_WARN_UNGUARDED_AVAILABILITY = YES_AGGRESSIVE;
				CLANG_WARN_UNREACHABLE_CODE = YES;
				CLANG_WARN__DUPLICATE_METHOD_MATCH = YES;
				COPY_PHASE_STRIP = NO;
				DEBUG_INFORMATION_FORMAT = "dwarf-with-dsym";
				ENABLE_NS_ASSERTIONS = NO;
				ENABLE_STRICT_OBJC_MSGSEND = YES;
				GCC_C_LANGUAGE_STANDARD = gnu11;
				GCC_NO_COMMON_BLOCKS = YES;
				GCC_WARN_64_TO_32_BIT_CONVERSION = YES;
				GCC_WARN_ABOUT_RETURN_TYPE = YES_ERROR;
				GCC_WARN_UNDECLARED_SELECTOR = YES;
				GCC_WARN_UNINITIALIZED_AUTOS = YES_AGGRESSIVE;
				GCC_WARN_UNUSED_FUNCTION = YES;
				GCC_WARN_UNUSED_VARIABLE = YES;
				IPHONEOS_DEPLOYMENT_TARGET = 13.2;
				MTL_ENABLE_DEBUG_INFO = NO;
				MTL_FAST_MATH = YES;
				SDKROOT = iphoneos;
				SWIFT_COMPILATION_MODE = wholemodule;
				SWIFT_OPTIMIZATION_LEVEL = "-O";
				VALIDATE_PRODUCT = YES;
			};
			name = Release;
		};
		894D85B024089C3D00BAF192 /* Debug */ = {
			isa = XCBuildConfiguration;
			baseConfigurationReference = 77F54B32DD31C9B2B25BAF86 /* Pods-Parstagram.debug.xcconfig */;
			buildSettings = {
				ASSETCATALOG_COMPILER_APPICON_NAME = AppIcon;
				CODE_SIGN_STYLE = Automatic;
				INFOPLIST_FILE = Parstagram/Info.plist;
				LD_RUNPATH_SEARCH_PATHS = (
					"$(inherited)",
					"@executable_path/Frameworks",
				);
				PRODUCT_BUNDLE_IDENTIFIER = NDNU.Parstagram;
				PRODUCT_NAME = "$(TARGET_NAME)";
				SWIFT_VERSION = 5.0;
				TARGETED_DEVICE_FAMILY = "1,2";
			};
			name = Debug;
		};
		894D85B124089C3D00BAF192 /* Release */ = {
			isa = XCBuildConfiguration;
			baseConfigurationReference = 3BBD1A77FDDA9496D8D0F60D /* Pods-Parstagram.release.xcconfig */;
			buildSettings = {
				ASSETCATALOG_COMPILER_APPICON_NAME = AppIcon;
				CODE_SIGN_STYLE = Automatic;
				INFOPLIST_FILE = Parstagram/Info.plist;
				LD_RUNPATH_SEARCH_PATHS = (
					"$(inherited)",
					"@executable_path/Frameworks",
				);
				PRODUCT_BUNDLE_IDENTIFIER = NDNU.Parstagram;
				PRODUCT_NAME = "$(TARGET_NAME)";
				SWIFT_VERSION = 5.0;
				TARGETED_DEVICE_FAMILY = "1,2";
			};
			name = Release;
		};
		894D85B324089C3D00BAF192 /* Debug */ = {
			isa = XCBuildConfiguration;
			baseConfigurationReference = F86B45B9E63641FCEF35C749 /* Pods-ParstagramTests.debug.xcconfig */;
			buildSettings = {
				ALWAYS_EMBED_SWIFT_STANDARD_LIBRARIES = YES;
				BUNDLE_LOADER = "$(TEST_HOST)";
				CODE_SIGN_STYLE = Automatic;
				INFOPLIST_FILE = ParstagramTests/Info.plist;
				IPHONEOS_DEPLOYMENT_TARGET = 13.2;
				LD_RUNPATH_SEARCH_PATHS = (
					"$(inherited)",
					"@executable_path/Frameworks",
					"@loader_path/Frameworks",
				);
				PRODUCT_BUNDLE_IDENTIFIER = NDNU.ParstagramTests;
				PRODUCT_NAME = "$(TARGET_NAME)";
				SWIFT_VERSION = 5.0;
				TARGETED_DEVICE_FAMILY = "1,2";
				TEST_HOST = "$(BUILT_PRODUCTS_DIR)/Parstagram.app/Parstagram";
			};
			name = Debug;
		};
		894D85B424089C3D00BAF192 /* Release */ = {
			isa = XCBuildConfiguration;
			baseConfigurationReference = 3793287BC6375CE828CA0A6D /* Pods-ParstagramTests.release.xcconfig */;
			buildSettings = {
				ALWAYS_EMBED_SWIFT_STANDARD_LIBRARIES = YES;
				BUNDLE_LOADER = "$(TEST_HOST)";
				CODE_SIGN_STYLE = Automatic;
				INFOPLIST_FILE = ParstagramTests/Info.plist;
				IPHONEOS_DEPLOYMENT_TARGET = 13.2;
				LD_RUNPATH_SEARCH_PATHS = (
					"$(inherited)",
					"@executable_path/Frameworks",
					"@loader_path/Frameworks",
				);
				PRODUCT_BUNDLE_IDENTIFIER = NDNU.ParstagramTests;
				PRODUCT_NAME = "$(TARGET_NAME)";
				SWIFT_VERSION = 5.0;
				TARGETED_DEVICE_FAMILY = "1,2";
				TEST_HOST = "$(BUILT_PRODUCTS_DIR)/Parstagram.app/Parstagram";
			};
			name = Release;
		};
		894D85B624089C3D00BAF192 /* Debug */ = {
			isa = XCBuildConfiguration;
			baseConfigurationReference = 89EF4C1034CDBDB32197A275 /* Pods-Parstagram-ParstagramUITests.debug.xcconfig */;
			buildSettings = {
				ALWAYS_EMBED_SWIFT_STANDARD_LIBRARIES = YES;
				CODE_SIGN_STYLE = Automatic;
				INFOPLIST_FILE = ParstagramUITests/Info.plist;
				LD_RUNPATH_SEARCH_PATHS = (
					"$(inherited)",
					"@executable_path/Frameworks",
					"@loader_path/Frameworks",
				);
				PRODUCT_BUNDLE_IDENTIFIER = NDNU.ParstagramUITests;
				PRODUCT_NAME = "$(TARGET_NAME)";
				SWIFT_VERSION = 5.0;
				TARGETED_DEVICE_FAMILY = "1,2";
				TEST_TARGET_NAME = Parstagram;
			};
			name = Debug;
		};
		894D85B724089C3D00BAF192 /* Release */ = {
			isa = XCBuildConfiguration;
			baseConfigurationReference = 65F8F8C01AA788A0A01584EE /* Pods-Parstagram-ParstagramUITests.release.xcconfig */;
			buildSettings = {
				ALWAYS_EMBED_SWIFT_STANDARD_LIBRARIES = YES;
				CODE_SIGN_STYLE = Automatic;
				INFOPLIST_FILE = ParstagramUITests/Info.plist;
				LD_RUNPATH_SEARCH_PATHS = (
					"$(inherited)",
					"@executable_path/Frameworks",
					"@loader_path/Frameworks",
				);
				PRODUCT_BUNDLE_IDENTIFIER = NDNU.ParstagramUITests;
				PRODUCT_NAME = "$(TARGET_NAME)";
				SWIFT_VERSION = 5.0;
				TARGETED_DEVICE_FAMILY = "1,2";
				TEST_TARGET_NAME = Parstagram;
			};
			name = Release;
		};
/* End XCBuildConfiguration section */

/* Begin XCConfigurationList section */
		894D858024089C3C00BAF192 /* Build configuration list for PBXProject "Parstagram" */ = {
			isa = XCConfigurationList;
			buildConfigurations = (
				894D85AD24089C3D00BAF192 /* Debug */,
				894D85AE24089C3D00BAF192 /* Release */,
			);
			defaultConfigurationIsVisible = 0;
			defaultConfigurationName = Release;
		};
		894D85AF24089C3D00BAF192 /* Build configuration list for PBXNativeTarget "Parstagram" */ = {
			isa = XCConfigurationList;
			buildConfigurations = (
				894D85B024089C3D00BAF192 /* Debug */,
				894D85B124089C3D00BAF192 /* Release */,
			);
			defaultConfigurationIsVisible = 0;
			defaultConfigurationName = Release;
		};
		894D85B224089C3D00BAF192 /* Build configuration list for PBXNativeTarget "ParstagramTests" */ = {
			isa = XCConfigurationList;
			buildConfigurations = (
				894D85B324089C3D00BAF192 /* Debug */,
				894D85B424089C3D00BAF192 /* Release */,
			);
			defaultConfigurationIsVisible = 0;
			defaultConfigurationName = Release;
		};
		894D85B524089C3D00BAF192 /* Build configuration list for PBXNativeTarget "ParstagramUITests" */ = {
			isa = XCConfigurationList;
			buildConfigurations = (
				894D85B624089C3D00BAF192 /* Debug */,
				894D85B724089C3D00BAF192 /* Release */,
			);
			defaultConfigurationIsVisible = 0;
			defaultConfigurationName = Release;
		};
/* End XCConfigurationList section */
	};
	rootObject = 894D857D24089C3C00BAF192 /* Project object */;
}
